
Microsoft Visual Studio Solution File, Format Version 12.00
# Visual Studio 2013
VisualStudioVersion = 12.0.40629.0
MinimumVisualStudioVersion = 10.0.40219.1
Project("{FAE04EC0-301F-11D3-BF4B-00C04F79EFBC}") = "TicTacToe.Client", "TicTacToe\TicTacToe.Client.csproj", "{DCEB25F6-669B-4B31-BEA1-9DA55161CE64}"
EndProject
Project("{FAE04EC0-301F-11D3-BF4B-00C04F79EFBC}") = "TicTacToe.Core", "TicTacToe.Core\TicTacToe.Core.csproj", "{15F0AF95-A121-470E-8DB1-744BB04060D7}"
EndProject
Project("{FAE04EC0-301F-11D3-BF4B-00C04F79EFBC}") = "TicTacToe.UI", "TicTacToe.UI\TicTacToe.UI.csproj", "{090CD08A-C72C-48CD-8592-5E63052A19B8}"
EndProject
Project("{FAE04EC0-301F-11D3-BF4B-00C04F79EFBC}") = "TicTacToe.Server", "TicTacToeServer\TicTacToe.Server.csproj", "{95468E02-D2DE-4DE7-BD60-0F34FB5DF9BB}"
EndProject
Project("{FAE04EC0-301F-11D3-BF4B-00C04F79EFBC}") = "InfoClient", "InfoClient\InfoClient.csproj", "{B3C16F01-23AC-48F9-906B-20D5BC5662CC}"
EndProject
Global
	GlobalSection(SolutionConfigurationPlatforms) = preSolution
		Debug|Any CPU = Debug|Any CPU
		Release|Any CPU = Release|Any CPU
	EndGlobalSection
	GlobalSection(ProjectConfigurationPlatforms) = postSolution
		{DCEB25F6-669B-4B31-BEA1-9DA55161CE64}.Debug|Any CPU.ActiveCfg = Debug|Any CPU
		{DCEB25F6-669B-4B31-BEA1-9DA55161CE64}.Debug|Any CPU.Build.0 = Debug|Any CPU
		{DCEB25F6-669B-4B31-BEA1-9DA55161CE64}.Release|Any CPU.ActiveCfg = Release|Any CPU
		{DCEB25F6-669B-4B31-BEA1-9DA55161CE64}.Release|Any CPU.Build.0 = Release|Any CPU
		{15F0AF95-A121-470E-8DB1-744BB04060D7}.Debug|Any CPU.ActiveCfg = Debug|Any CPU
		{15F0AF95-A121-470E-8DB1-744BB04060D7}.Debug|Any CPU.Build.0 = Debug|Any CPU
		{15F0AF95-A121-470E-8DB1-744BB04060D7}.Release|Any CPU.ActiveCfg = Release|Any CPU
		{15F0AF95-A121-470E-8DB1-744BB04060D7}.Release|Any CPU.Build.0 = Release|Any CPU
		{090CD08A-C72C-48CD-8592-5E63052A19B8}.Debug|Any CPU.ActiveCfg = Debug|Any CPU
		{090CD08A-C72C-48CD-8592-5E63052A19B8}.Debug|Any CPU.Build.0 = Debug|Any CPU
		{090CD08A-C72C-48CD-8592-5E63052A19B8}.Release|Any CPU.ActiveCfg = Release|Any CPU
		{090CD08A-C72C-48CD-8592-5E63052A19B8}.Release|Any CPU.Build.0 = Release|Any CPU
		{95468E02-D2DE-4DE7-BD60-0F34FB5DF9BB}.Debug|Any CPU.ActiveCfg = Debug|Any CPU
		{95468E02-D2DE-4DE7-BD60-0F34FB5DF9BB}.Debug|Any CPU.Build.0 = Debug|Any CPU
		{95468E02-D2DE-4DE7-BD60-0F34FB5DF9BB}.Release|Any CPU.ActiveCfg = Release|Any CPU
		{95468E02-D2DE-4DE7-BD60-0F34FB5DF9BB}.Release|Any CPU.Build.0 = Release|Any CPU
		{B3C16F01-23AC-48F9-906B-20D5BC5662CC}.Debug|Any CPU.ActiveCfg = Debug|Any CPU
		{B3C16F01-23AC-48F9-906B-20D5BC5662CC}.Debug|Any CPU.Build.0 = Debug|Any CPU
		{B3C16F01-23AC-48F9-906B-20D5BC5662CC}.Release|Any CPU.ActiveCfg = Release|Any CPU
		{B3C16F01-23AC-48F9-906B-20D5BC5662CC}.Release|Any CPU.Build.0 = Release|Any CPU
	EndGlobalSection
	GlobalSection(SolutionProperties) = preSolution
		HideSolutionNode = FALSE
	EndGlobalSection
EndGlobal
